
Microsoft Visual Studio Solution File, Format Version 12.00
# Visual Studio Version 17
VisualStudioVersion = 17.10.35122.118
MinimumVisualStudioVersion = 10.0.40219.1
Project("{9A19103F-16F7-4668-BE54-9A1E7A4F7556}") = "MeuPonto.Web", "src\MeuPonto.Web\MeuPonto.Web.csproj", "{1BACE883-5635-4A0A-A28A-76B790C5F4E2}"
EndProject
Project("{9A19103F-16F7-4668-BE54-9A1E7A4F7556}") = "System.Extensions", "src\System.Extensions\System.Extensions.csproj", "{43304D52-076E-4F65-BAF6-5D6B0697EE09}"
EndProject
Project("{9A19103F-16F7-4668-BE54-9A1E7A4F7556}") = "System.Xaml.Extensions", "src\System.Xaml.Extensions\System.Xaml.Extensions.csproj", "{F44A3BF3-A2BF-4415-8425-2D53D45782AE}"
EndProject
Project("{9A19103F-16F7-4668-BE54-9A1E7A4F7556}") = "MeuPonto.Desktop", "src\MeuPonto.Desktop\MeuPonto.Desktop.csproj", "{2488FE24-E7BA-42C8-8288-DD9535AFFE8D}"
EndProject
Project("{9A19103F-16F7-4668-BE54-9A1E7A4F7556}") = "MeuPonto.Web.Tests", "tests\MeuPonto.Web.Tests\MeuPonto.Web.Tests.csproj", "{7CABD807-F743-4DD9-8C58-3668464CEB9C}"
EndProject
Project("{9A19103F-16F7-4668-BE54-9A1E7A4F7556}") = "MeuPonto.EntityFrameworkCore.Sqlite", "src\MeuPonto.EntityFrameworkCore.Sqlite\MeuPonto.EntityFrameworkCore.Sqlite.csproj", "{1A8E0754-5F89-4BC8-97F9-51E7ABC1944F}"
EndProject
Project("{9A19103F-16F7-4668-BE54-9A1E7A4F7556}") = "MeuPonto.EntityFrameworkCore.SqlServer", "src\MeuPonto.EntityFrameworkCore.SqlServer\MeuPonto.EntityFrameworkCore.SqlServer.csproj", "{00C0DA3B-AA64-474E-83D3-FD57646295DD}"
EndProject
Project("{2150E333-8FDC-42A3-9474-1A3956D46DE8}") = "0 - Especificação", "0 - Especificação", "{D7F652AF-8845-46CA-9014-3A16FEAE86EB}"
EndProject
Project("{2150E333-8FDC-42A3-9474-1A3956D46DE8}") = "1 - Presentation", "1 - Presentation", "{C723CD03-3B9F-4A6C-9B77-2C6DF084A470}"
EndProject
Project("{2150E333-8FDC-42A3-9474-1A3956D46DE8}") = "2 - Infraestrutura", "2 - Infraestrutura", "{3F323EBE-07FF-4910-BAAA-2849280BB9D4}"
EndProject
Project("{2150E333-8FDC-42A3-9474-1A3956D46DE8}") = "3 - Core", "3 - Core", "{779FFC83-AE8A-4D29-915D-F1D21AF52A22}"
EndProject
Project("{2150E333-8FDC-42A3-9474-1A3956D46DE8}") = "4 - Cross-Cutting", "4 - Cross-Cutting", "{36DBB04A-AFA9-42E4-8F62-991AE8F76046}"
EndProject
Project("{2150E333-8FDC-42A3-9474-1A3956D46DE8}") = "5 - Dependências Externas", "5 - Dependências Externas", "{54EAAA2A-4E95-454B-BB55-42A134184C41}"
EndProject
Project("{2150E333-8FDC-42A3-9474-1A3956D46DE8}") = "6 - Recursos", "6 - Recursos", "{9C19CD31-37E1-4115-84DD-617B1285F035}"
	ProjectSection(SolutionItems) = preProject
		.gitattributes = .gitattributes
		.gitignore = .gitignore
		README.md = README.md
	EndProjectSection
EndProject
Project("{2150E333-8FDC-42A3-9474-1A3956D46DE8}") = "Data Services", "Data Services", "{5EE0EBF4-7C0A-45D9-8D9C-82196224E6D4}"
EndProject
Project("{2150E333-8FDC-42A3-9474-1A3956D46DE8}") = "Integration Services", "Integration Services", "{0E4AAFCD-CFC7-49EA-A0DF-B05B82BB6106}"
EndProject
Project("{9A19103F-16F7-4668-BE54-9A1E7A4F7556}") = "MeuPonto.UseCases.Desktop", "specs\MeuPonto.UseCases.Desktop\MeuPonto.UseCases.Desktop.csproj", "{06637558-D847-4250-8879-A1175088D3EB}"
EndProject
Project("{9A19103F-16F7-4668-BE54-9A1E7A4F7556}") = "MeuPonto.DomainModel", "src\MeuPonto.DomainModel\MeuPonto.DomainModel.csproj", "{44F13A0E-AC70-4336-89E2-342C6DCFDB78}"
EndProject
Project("{9A19103F-16F7-4668-BE54-9A1E7A4F7556}") = "MeuPonto.EntityFrameworkCore", "src\MeuPonto.EntityFrameworkCore\MeuPonto.EntityFrameworkCore.csproj", "{658604A0-DAE7-4455-BEB6-61FDFD536120}"
EndProject
Project("{FAE04EC0-301F-11D3-BF4B-00C04F79EFBC}") = "MeuPonto.UseCases.Web", "specs\MeuPonto.UseCases.Web\MeuPonto.UseCases.Web.csproj", "{6BA16ED6-1319-477C-AD78-88C39A45EA78}"
EndProject
Project("{FAE04EC0-301F-11D3-BF4B-00C04F79EFBC}") = "MeuPonto.UseCases", "specs\MeuPonto.UseCases\MeuPonto.UseCases.csproj", "{C3125561-5E4F-4693-8787-DF85C9B3D3A3}"
EndProject
Global
	GlobalSection(SolutionConfigurationPlatforms) = preSolution
		Debug|Any CPU = Debug|Any CPU
		Release|Any CPU = Release|Any CPU
	EndGlobalSection
	GlobalSection(ProjectConfigurationPlatforms) = postSolution
		{1BACE883-5635-4A0A-A28A-76B790C5F4E2}.Debug|Any CPU.ActiveCfg = Debug|Any CPU
		{1BACE883-5635-4A0A-A28A-76B790C5F4E2}.Debug|Any CPU.Build.0 = Debug|Any CPU
		{1BACE883-5635-4A0A-A28A-76B790C5F4E2}.Release|Any CPU.ActiveCfg = Release|Any CPU
		{1BACE883-5635-4A0A-A28A-76B790C5F4E2}.Release|Any CPU.Build.0 = Release|Any CPU
		{43304D52-076E-4F65-BAF6-5D6B0697EE09}.Debug|Any CPU.ActiveCfg = Debug|Any CPU
		{43304D52-076E-4F65-BAF6-5D6B0697EE09}.Debug|Any CPU.Build.0 = Debug|Any CPU
		{43304D52-076E-4F65-BAF6-5D6B0697EE09}.Release|Any CPU.ActiveCfg = Release|Any CPU
		{43304D52-076E-4F65-BAF6-5D6B0697EE09}.Release|Any CPU.Build.0 = Release|Any CPU
		{F44A3BF3-A2BF-4415-8425-2D53D45782AE}.Debug|Any CPU.ActiveCfg = Debug|Any CPU
		{F44A3BF3-A2BF-4415-8425-2D53D45782AE}.Debug|Any CPU.Build.0 = Debug|Any CPU
		{F44A3BF3-A2BF-4415-8425-2D53D45782AE}.Release|Any CPU.ActiveCfg = Release|Any CPU
		{F44A3BF3-A2BF-4415-8425-2D53D45782AE}.Release|Any CPU.Build.0 = Release|Any CPU
		{2488FE24-E7BA-42C8-8288-DD9535AFFE8D}.Debug|Any CPU.ActiveCfg = Debug|Any CPU
		{2488FE24-E7BA-42C8-8288-DD9535AFFE8D}.Debug|Any CPU.Build.0 = Debug|Any CPU
		{2488FE24-E7BA-42C8-8288-DD9535AFFE8D}.Release|Any CPU.ActiveCfg = Release|Any CPU
		{2488FE24-E7BA-42C8-8288-DD9535AFFE8D}.Release|Any CPU.Build.0 = Release|Any CPU
		{7CABD807-F743-4DD9-8C58-3668464CEB9C}.Debug|Any CPU.ActiveCfg = Debug|Any CPU
		{7CABD807-F743-4DD9-8C58-3668464CEB9C}.Debug|Any CPU.Build.0 = Debug|Any CPU
		{7CABD807-F743-4DD9-8C58-3668464CEB9C}.Release|Any CPU.ActiveCfg = Release|Any CPU
		{7CABD807-F743-4DD9-8C58-3668464CEB9C}.Release|Any CPU.Build.0 = Release|Any CPU
		{1A8E0754-5F89-4BC8-97F9-51E7ABC1944F}.Debug|Any CPU.ActiveCfg = Debug|Any CPU
		{1A8E0754-5F89-4BC8-97F9-51E7ABC1944F}.Debug|Any CPU.Build.0 = Debug|Any CPU
		{1A8E0754-5F89-4BC8-97F9-51E7ABC1944F}.Release|Any CPU.ActiveCfg = Release|Any CPU
		{1A8E0754-5F89-4BC8-97F9-51E7ABC1944F}.Release|Any CPU.Build.0 = Release|Any CPU
		{00C0DA3B-AA64-474E-83D3-FD57646295DD}.Debug|Any CPU.ActiveCfg = Debug|Any CPU
		{00C0DA3B-AA64-474E-83D3-FD57646295DD}.Debug|Any CPU.Build.0 = Debug|Any CPU
		{00C0DA3B-AA64-474E-83D3-FD57646295DD}.Release|Any CPU.ActiveCfg = Release|Any CPU
		{00C0DA3B-AA64-474E-83D3-FD57646295DD}.Release|Any CPU.Build.0 = Release|Any CPU
		{06637558-D847-4250-8879-A1175088D3EB}.Debug|Any CPU.ActiveCfg = Debug|Any CPU
		{06637558-D847-4250-8879-A1175088D3EB}.Debug|Any CPU.Build.0 = Debug|Any CPU
		{06637558-D847-4250-8879-A1175088D3EB}.Release|Any CPU.ActiveCfg = Release|Any CPU
		{06637558-D847-4250-8879-A1175088D3EB}.Release|Any CPU.Build.0 = Release|Any CPU
		{44F13A0E-AC70-4336-89E2-342C6DCFDB78}.Debug|Any CPU.ActiveCfg = Debug|Any CPU
		{44F13A0E-AC70-4336-89E2-342C6DCFDB78}.Debug|Any CPU.Build.0 = Debug|Any CPU
		{44F13A0E-AC70-4336-89E2-342C6DCFDB78}.Release|Any CPU.ActiveCfg = Release|Any CPU
		{44F13A0E-AC70-4336-89E2-342C6DCFDB78}.Release|Any CPU.Build.0 = Release|Any CPU
		{658604A0-DAE7-4455-BEB6-61FDFD536120}.Debug|Any CPU.ActiveCfg = Debug|Any CPU
		{658604A0-DAE7-4455-BEB6-61FDFD536120}.Debug|Any CPU.Build.0 = Debug|Any CPU
		{658604A0-DAE7-4455-BEB6-61FDFD536120}.Release|Any CPU.ActiveCfg = Release|Any CPU
		{658604A0-DAE7-4455-BEB6-61FDFD536120}.Release|Any CPU.Build.0 = Release|Any CPU
		{6BA16ED6-1319-477C-AD78-88C39A45EA78}.Debug|Any CPU.ActiveCfg = Debug|Any CPU
		{6BA16ED6-1319-477C-AD78-88C39A45EA78}.Debug|Any CPU.Build.0 = Debug|Any CPU
		{6BA16ED6-1319-477C-AD78-88C39A45EA78}.Release|Any CPU.ActiveCfg = Release|Any CPU
		{6BA16ED6-1319-477C-AD78-88C39A45EA78}.Release|Any CPU.Build.0 = Release|Any CPU
		{C3125561-5E4F-4693-8787-DF85C9B3D3A3}.Debug|Any CPU.ActiveCfg = Debug|Any CPU
		{C3125561-5E4F-4693-8787-DF85C9B3D3A3}.Debug|Any CPU.Build.0 = Debug|Any CPU
		{C3125561-5E4F-4693-8787-DF85C9B3D3A3}.Release|Any CPU.ActiveCfg = Release|Any CPU
		{C3125561-5E4F-4693-8787-DF85C9B3D3A3}.Release|Any CPU.Build.0 = Release|Any CPU
	EndGlobalSection
	GlobalSection(SolutionProperties) = preSolution
		HideSolutionNode = FALSE
	EndGlobalSection
	GlobalSection(NestedProjects) = preSolution
		{1BACE883-5635-4A0A-A28A-76B790C5F4E2} = {C723CD03-3B9F-4A6C-9B77-2C6DF084A470}
		{43304D52-076E-4F65-BAF6-5D6B0697EE09} = {36DBB04A-AFA9-42E4-8F62-991AE8F76046}
		{F44A3BF3-A2BF-4415-8425-2D53D45782AE} = {36DBB04A-AFA9-42E4-8F62-991AE8F76046}
		{2488FE24-E7BA-42C8-8288-DD9535AFFE8D} = {C723CD03-3B9F-4A6C-9B77-2C6DF084A470}
		{7CABD807-F743-4DD9-8C58-3668464CEB9C} = {C723CD03-3B9F-4A6C-9B77-2C6DF084A470}
		{1A8E0754-5F89-4BC8-97F9-51E7ABC1944F} = {5EE0EBF4-7C0A-45D9-8D9C-82196224E6D4}
		{00C0DA3B-AA64-474E-83D3-FD57646295DD} = {5EE0EBF4-7C0A-45D9-8D9C-82196224E6D4}
		{5EE0EBF4-7C0A-45D9-8D9C-82196224E6D4} = {3F323EBE-07FF-4910-BAAA-2849280BB9D4}
		{0E4AAFCD-CFC7-49EA-A0DF-B05B82BB6106} = {3F323EBE-07FF-4910-BAAA-2849280BB9D4}
		{06637558-D847-4250-8879-A1175088D3EB} = {D7F652AF-8845-46CA-9014-3A16FEAE86EB}
		{44F13A0E-AC70-4336-89E2-342C6DCFDB78} = {779FFC83-AE8A-4D29-915D-F1D21AF52A22}
		{658604A0-DAE7-4455-BEB6-61FDFD536120} = {5EE0EBF4-7C0A-45D9-8D9C-82196224E6D4}
		{6BA16ED6-1319-477C-AD78-88C39A45EA78} = {D7F652AF-8845-46CA-9014-3A16FEAE86EB}
		{C3125561-5E4F-4693-8787-DF85C9B3D3A3} = {D7F652AF-8845-46CA-9014-3A16FEAE86EB}
	EndGlobalSection
	GlobalSection(ExtensibilityGlobals) = postSolution
		SolutionGuid = {313063A4-3F34-4DD1-8108-38AE265147FD}
	EndGlobalSection
EndGlobal
